{
  "nodes": {
    "agents": {
      "inputs": {
        "claude-status-line": "claude-status-line",
        "nixpkgs": "nixpkgs"
      },
      "locked": {
        "lastModified": 1790532657,
        "narHash": "sha256-dS6I4LRp51bQnpMgdVWe8vyAPpiPS1XkmXV2pjMzXE8=",
        "ref": "refs/heads/main",
        "rev": "7ab587b9a4a393973ae6f8d7584e84c94dd0a6fa",
        "revCount": 58,
        "type": "git",
        "url": "ssh://git@github.com/wyattjoh/devenv-agents.git"
      },
      "original": {
        "type": "git",
        "url": "ssh://git@github.com/wyattjoh/devenv-agents.git"
      }
    },
    "claude-status-line": {
      "flake": false,
      "locked": {
        "lastModified": 1788553033,
        "narHash": "sha256-l6aWPKTiZW+ZSDJZ/OhO8N8sst/15GitKxSrGAUeYp8=",
        "owner": "wyattjoh",
        "repo": "claude-status-line",
        "rev": "370f4ccbcdbe3ebe6dd9ce6ed2a8941f95f9c362",
        "type": "github"
      },
      "original": {
        "owner": "wyattjoh",
        "repo": "claude-status-line",
        "rev": "370f4ccbcdbe3ebe6dd9ce6ed2a8941f95f9c362",
        "type": "github"
      }
    },
    "devenv": {
      "locked": {
        "dir": "src/modules",
        "lastModified": 1790701375,
        "narHash": "sha256-0FpLHIRDYiyo3EMTnMQSobZQknZaa3JuWo6vmMCK76o=",
        "owner": "cachix",
        "repo": "devenv",
        "rev": "fe20b5cba7ab5e93ae73f956a8d3efc50e1753f4",
        "type": "github"
      },
      "original": {
        "dir": "src/modules",
        "owner": "cachix",
        "repo": "devenv",
        "type": "github"
      }
    },
    "nixpkgs": {
      "locked": {
        "lastModified": 1790361504,
        "narHash": "sha256-s1k+HBVKC2tU/0CGYEuFGmGLlh2bNRRzNorrgRA4Jn8=",
        "owner": "NixOS",
        "repo": "nixpkgs",
        "rev": "79b6d20e55596f80baa35cda2a334da8a1fbf1ea",
        "type": "github"
      },
      "original": {
        "owner": "NixOS",
        "ref": "nixpkgs-unstable",
        "repo": "nixpkgs",
        "type": "github"
      }
    },
    "nixpkgs_2": {
      "locked": {
        "lastModified": 1791161550,
        "narHash": "sha256-hUcT0jKmSHN5XgRW3sSEIIlqsVClkVfToluYtOd56ok=",
        "owner": "NixOS",
        "repo": "nixpkgs",
        "rev": "8c6b39505383e6d5dcb431f00cb3597b71f8045c",
        "type": "github"
      },
      "original": {
        "owner": "NixOS",
        "ref": "nixpkgs-unstable",
        "repo": "nixpkgs",
        "type": "github"
      }
    },
    "root": {
      "inputs": {
        "agents": "agents",
        "devenv": "devenv",
        "nixpkgs": "nixpkgs_2"
      }
    }
  },
  "root": "root",
  "version": 7
}